
Microsoft Visual Studio Solution File, Format Version 12.00
# Visual Studio Version 17
VisualStudioVersion = 17.11.35222.181
MinimumVisualStudioVersion = 10.0.40219.1
Project("{FAE04EC0-301F-11D3-BF4B-00C04F79EFBC}") = "Quiz4", "Quiz4.csproj", "{ACE4FEE4-F24D-44AC-A60C-52860A35E918}"
EndProject
Global
	GlobalSection(SolutionConfigurationPlatforms) = preSolution
		Debug|Any CPU = Debug|Any CPU
		Release|Any CPU = Release|Any CPU
	EndGlobalSection
	GlobalSection(ProjectConfigurationPlatforms) = postSolution
		{ACE4FEE4-F24D-44AC-A60C-52860A35E918}.Debug|Any CPU.ActiveCfg = Debug|Any CPU
		{ACE4FEE4-F24D-44AC-A60C-52860A35E918}.Debug|Any CPU.Build.0 = Debug|Any CPU
		{ACE4FEE4-F24D-44AC-A60C-52860A35E918}.Release|Any CPU.ActiveCfg = Release|Any CPU
		{ACE4FEE4-F24D-44AC-A60C-52860A35E918}.Release|Any CPU.Build.0 = Release|Any CPU
	EndGlobalSection
	GlobalSection(SolutionProperties) = preSolution
		HideSolutionNode = FALSE
	EndGlobalSection
	GlobalSection(ExtensibilityGlobals) = postSolution
		SolutionGuid = {D08E7721-93B7-458D-8AE6-E8C0861CCBD3}
	EndGlobalSection
EndGlobal
